<?xml version="1.0" encoding="utf-8"?>
<Project ToolsVersion="4.0" xmlns="http://schemas.microsoft.com/developer/msbuild/2003">
  <ItemGroup>
    <ClCompile Include="Application.cpp" />
    <ClCompile Include="main.cpp" />
    <ClCompile Include="stdafx.cpp" />
    <ClCompile Include="Object.cpp">
      <Filter>1. EngineCore\Object</Filter>
    </ClCompile>
    <ClCompile Include="Component.cpp">
      <Filter>1. EngineCore\Component</Filter>
    </ClCompile>
    <ClCompile Include="Camera.cpp">
      <Filter>1. EngineCore\Object</Filter>
    </ClCompile>
    <ClCompile Include="lib\imgui\imgui.cpp">
      <Filter>1. EngineCore\UI\IMGUI</Filter>
    </ClCompile>
    <ClCompile Include="lib\imgui\imgui_demo.cpp">
      <Filter>1. EngineCore\UI\IMGUI</Filter>
    </ClCompile>
    <ClCompile Include="lib\imgui\imgui_draw.cpp">
      <Filter>1. EngineCore\UI\IMGUI</Filter>
    </ClCompile>
    <ClCompile Include="lib\imgui\imgui_tables.cpp">
      <Filter>1. EngineCore\UI\IMGUI</Filter>
    </ClCompile>
    <ClCompile Include="lib\imgui\imgui_widgets.cpp">
      <Filter>1. EngineCore\UI\IMGUI</Filter>
    </ClCompile>
    <ClCompile Include="lib\imgui\backends\imgui_impl_dx12.cpp">
      <Filter>1. EngineCore\UI\IMGUI\BackEnds</Filter>
    </ClCompile>
    <ClCompile Include="lib\imgui\backends\imgui_impl_win32.cpp">
      <Filter>1. EngineCore\UI\IMGUI\BackEnds</Filter>
    </ClCompile>
    <ClCompile Include="XBOXController.cpp">
      <Filter>1. EngineCore\Input\XBOX</Filter>
    </ClCompile>
    <ClCompile Include="SceneObject.cpp">
      <Filter>1. EngineCore\Object</Filter>
    </ClCompile>
    <ClCompile Include="SkinnedMeshComponent.cpp">
      <Filter>1. EngineCore\Component</Filter>
    </ClCompile>
    <ClCompile Include="lib\tinyXML\tinystr.cpp">
      <Filter>Lib</Filter>
    </ClCompile>
    <ClCompile Include="lib\tinyXML\tinyxml.cpp">
      <Filter>Lib</Filter>
    </ClCompile>
    <ClCompile Include="lib\tinyXML\tinyxmlerror.cpp">
      <Filter>Lib</Filter>
    </ClCompile>
    <ClCompile Include="lib\tinyXML\tinyxmlparser.cpp">
      <Filter>Lib</Filter>
    </ClCompile>
    <ClCompile Include="DuckingEngine.cpp">
      <Filter>1. EngineCore</Filter>
    </ClCompile>
    <ClCompile Include="InputModule.cpp">
      <Filter>1. EngineCore\Input</Filter>
    </ClCompile>
    <ClCompile Include="XboxState.cpp">
      <Filter>1. EngineCore\Input\XBOX</Filter>
    </ClCompile>
    <ClCompile Include="ComputerController.cpp">
      <Filter>1. EngineCore\Input\Computer</Filter>
    </ClCompile>
    <ClCompile Include="Model.cpp">
      <Filter>1. EngineCore\Resource</Filter>
    </ClCompile>
    <ClCompile Include="Skeleton.cpp">
      <Filter>1. EngineCore\Resource</Filter>
    </ClCompile>
    <ClCompile Include="Animation.cpp">
      <Filter>1. EngineCore\Resource</Filter>
    </ClCompile>
    <ClCompile Include="EditorDebugDrawManager.cpp">
      <Filter>2. Editor</Filter>
    </ClCompile>
    <ClCompile Include="SceneRenderer.cpp">
      <Filter>1. EngineCore\Renderer</Filter>
    </ClCompile>
    <ClCompile Include="GameModule.cpp">
      <Filter>3. Game</Filter>
    </ClCompile>
    <ClCompile Include="Material.cpp">
      <Filter>1. EngineCore\Renderer</Filter>
    </ClCompile>
    <ClCompile Include="RenderModule.cpp">
      <Filter>1. EngineCore\Renderer</Filter>
    </ClCompile>
    <ClCompile Include="EditorModule.cpp">
      <Filter>2. Editor</Filter>
    </ClCompile>
    <ClCompile Include="SceneObjectManager.cpp">
      <Filter>1. EngineCore</Filter>
    </ClCompile>
    <ClCompile Include="ResourceManager.cpp">
      <Filter>1. EngineCore</Filter>
    </ClCompile>
    <ClCompile Include="StaticMeshComponent.cpp">
      <Filter>1. EngineCore\Component</Filter>
    </ClCompile>
    <ClCompile Include="RenderableComponent.cpp">
      <Filter>1. EngineCore\Component</Filter>
    </ClCompile>
    <ClCompile Include="ModelProperty.cpp">
      <Filter>1. EngineCore\Resource</Filter>
    </ClCompile>
    <ClCompile Include="SceneManager.cpp">
      <Filter>1. EngineCore</Filter>
    </ClCompile>
  </ItemGroup>
  <ItemGroup>
    <ClInclude Include="Application.h" />
    <ClInclude Include="stdafx.h" />
    <ClInclude Include="Object.h">
      <Filter>1. EngineCore\Object</Filter>
    </ClInclude>
    <ClInclude Include="Component.h">
      <Filter>1. EngineCore\Component</Filter>
    </ClInclude>
    <ClInclude Include="Camera.h">
      <Filter>1. EngineCore\Object</Filter>
    </ClInclude>
    <ClInclude Include="lib\imgui\imconfig.h">
      <Filter>1. EngineCore\UI\IMGUI</Filter>
    </ClInclude>
    <ClInclude Include="lib\imgui\imgui.h">
      <Filter>1. EngineCore\UI\IMGUI</Filter>
    </ClInclude>
    <ClInclude Include="lib\imgui\imgui_internal.h">
      <Filter>1. EngineCore\UI\IMGUI</Filter>
    </ClInclude>
    <ClInclude Include="lib\imgui\imstb_rectpack.h">
      <Filter>1. EngineCore\UI\IMGUI</Filter>
    </ClInclude>
    <ClInclude Include="lib\imgui\imstb_textedit.h">
      <Filter>1. EngineCore\UI\IMGUI</Filter>
    </ClInclude>
    <ClInclude Include="lib\imgui\imstb_truetype.h">
      <Filter>1. EngineCore\UI\IMGUI</Filter>
    </ClInclude>
    <ClInclude Include="lib\imgui\backends\imgui_impl_dx12.h">
      <Filter>1. EngineCore\UI\IMGUI\BackEnds</Filter>
    </ClInclude>
    <ClInclude Include="lib\imgui\backends\imgui_impl_win32.h">
      <Filter>1. EngineCore\UI\IMGUI\BackEnds</Filter>
    </ClInclude>
    <ClInclude Include="XBOXController.h">
      <Filter>1. EngineCore\Input\XBOX</Filter>
    </ClInclude>
    <ClInclude Include="SceneObject.h">
      <Filter>1. EngineCore\Object</Filter>
    </ClInclude>
    <ClInclude Include="SkinnedMeshComponent.h">
      <Filter>1. EngineCore\Component</Filter>
    </ClInclude>
    <ClInclude Include="lib\tinyXML\tinystr.h">
      <Filter>Lib</Filter>
    </ClInclude>
    <ClInclude Include="lib\tinyXML\tinyxml.h">
      <Filter>Lib</Filter>
    </ClInclude>
    <ClInclude Include="DuckingEngine.h">
      <Filter>1. EngineCore</Filter>
    </ClInclude>
    <ClInclude Include="InputModule.h">
      <Filter>1. EngineCore\Input</Filter>
    </ClInclude>
    <ClInclude Include="XboxState.h">
      <Filter>1. EngineCore\Input\XBOX</Filter>
    </ClInclude>
    <ClInclude Include="ComputerController.h">
      <Filter>1. EngineCore\Input\Computer</Filter>
    </ClInclude>
    <ClInclude Include="Model.h">
      <Filter>1. EngineCore\Resource</Filter>
    </ClInclude>
    <ClInclude Include="Skeleton.h">
      <Filter>1. EngineCore\Resource</Filter>
    </ClInclude>
    <ClInclude Include="Animation.h">
      <Filter>1. EngineCore\Resource</Filter>
    </ClInclude>
    <ClInclude Include="EditorDebugDrawManager.h">
      <Filter>2. Editor</Filter>
    </ClInclude>
    <ClInclude Include="SceneRenderer.h">
      <Filter>1. EngineCore\Renderer</Filter>
    </ClInclude>
    <ClInclude Include="GameModule.h">
      <Filter>3. Game</Filter>
    </ClInclude>
    <ClInclude Include="Material.h">
      <Filter>1. EngineCore\Renderer</Filter>
    </ClInclude>
    <ClInclude Include="RenderModule.h">
      <Filter>1. EngineCore\Renderer</Filter>
    </ClInclude>
    <ClInclude Include="EditorModule.h">
      <Filter>2. Editor</Filter>
    </ClInclude>
    <ClInclude Include="SceneObjectManager.h">
      <Filter>1. EngineCore</Filter>
    </ClInclude>
    <ClInclude Include="d3dx12.h">
      <Filter>1. EngineCore\Renderer</Filter>
    </ClInclude>
    <ClInclude Include="ResourceManager.h">
      <Filter>1. EngineCore</Filter>
    </ClInclude>
    <ClInclude Include="StaticMeshComponent.h">
      <Filter>1. EngineCore\Component</Filter>
    </ClInclude>
    <ClInclude Include="RenderableComponent.h">
      <Filter>1. EngineCore\Component</Filter>
    </ClInclude>
    <ClInclude Include="ModelProperty.h">
      <Filter>1. EngineCore\Resource</Filter>
    </ClInclude>
    <ClInclude Include="SceneManager.h">
      <Filter>1. EngineCore</Filter>
    </ClInclude>
  </ItemGroup>
  <ItemGroup>
    <Filter Include="0. Common">
      <UniqueIdentifier>{b14bf9ba-700f-4773-8525-c9af8904f960}</UniqueIdentifier>
    </Filter>
    <Filter Include="2. Editor">
      <UniqueIdentifier>{6e543bce-24f6-49ec-8dc0-3d238331caa0}</UniqueIdentifier>
    </Filter>
    <Filter Include="3. Game">
      <UniqueIdentifier>{0520b6e9-9052-45f7-b400-cc0bc2c2cd75}</UniqueIdentifier>
    </Filter>
    <Filter Include="1. EngineCore">
      <UniqueIdentifier>{e2a1e2ba-7b42-4bae-86e2-690260b95e4c}</UniqueIdentifier>
    </Filter>
    <Filter Include="1. EngineCore\Input">
      <UniqueIdentifier>{7660a6bb-5da2-431a-8242-98d256d04735}</UniqueIdentifier>
    </Filter>
    <Filter Include="1. EngineCore\Input\XBOX">
      <UniqueIdentifier>{c1e6d0be-c7c7-4449-9fe4-19f7e2332160}</UniqueIdentifier>
    </Filter>
    <Filter Include="1. EngineCore\Input\Computer">
      <UniqueIdentifier>{c72c5ed4-41f8-41f2-848e-29bb3e5b69ce}</UniqueIdentifier>
    </Filter>
    <Filter Include="1. EngineCore\Renderer">
      <UniqueIdentifier>{0be8094d-2c35-47eb-b04a-58f34e836159}</UniqueIdentifier>
    </Filter>
    <Filter Include="1. EngineCore\Component">
      <UniqueIdentifier>{b9eb1dd2-6fdc-4d0c-9993-22141ccb91dc}</UniqueIdentifier>
    </Filter>
    <Filter Include="1. EngineCore\Object">
      <UniqueIdentifier>{08f9c653-8265-455e-900c-4556700e5fe1}</UniqueIdentifier>
    </Filter>
    <Filter Include="1. EngineCore\Resource">
      <UniqueIdentifier>{1a49e01c-6d74-41e5-9298-234240e62877}</UniqueIdentifier>
    </Filter>
    <Filter Include="1. EngineCore\UI">
      <UniqueIdentifier>{bfde6d5f-b722-4052-a94f-a5d1573f8cbe}</UniqueIdentifier>
    </Filter>
    <Filter Include="1. EngineCore\UI\IMGUI">
      <UniqueIdentifier>{b4bb6577-ee97-403f-b847-028c80c89677}</UniqueIdentifier>
    </Filter>
    <Filter Include="1. EngineCore\UI\IMGUI\BackEnds">
      <UniqueIdentifier>{05450934-12eb-48c5-95d3-dd45349995c7}</UniqueIdentifier>
    </Filter>
    <Filter Include="Lib">
      <UniqueIdentifier>{656105a8-597a-48bb-97dd-2bdf9d43d9e4}</UniqueIdentifier>
    </Filter>
  </ItemGroup>
  <ItemGroup>
    <Natvis Include="Common.natvis" />
  </ItemGroup>
</Project>